
Microsoft Visual Studio Solution File, Format Version 12.00
# Visual Studio Version 17
VisualStudioVersion = 17.11.35327.3
MinimumVisualStudioVersion = 10.0.40219.1
Project("{FAE04EC0-301F-11D3-BF4B-00C04F79EFBC}") = "ChessConsole", "ChessConsole\ChessConsole.csproj", "{C88B19EC-05B7-4EAD-981E-167D836F5C04}"
EndProject
Project("{FAE04EC0-301F-11D3-BF4B-00C04F79EFBC}") = "ChessLib", "ChessLib\ChessLib.csproj", "{B4D4F079-C84B-4B2F-B7BC-066DEE33F46C}"
EndProject
Global
	GlobalSection(SolutionConfigurationPlatforms) = preSolution
		Debug|Any CPU = Debug|Any CPU
		Release|Any CPU = Release|Any CPU
	EndGlobalSection
	GlobalSection(ProjectConfigurationPlatforms) = postSolution
		{C88B19EC-05B7-4EAD-981E-167D836F5C04}.Debug|Any CPU.ActiveCfg = Debug|Any CPU
		{C88B19EC-05B7-4EAD-981E-167D836F5C04}.Debug|Any CPU.Build.0 = Debug|Any CPU
		{C88B19EC-05B7-4EAD-981E-167D836F5C04}.Release|Any CPU.ActiveCfg = Release|Any CPU
		{C88B19EC-05B7-4EAD-981E-167D836F5C04}.Release|Any CPU.Build.0 = Release|Any CPU
		{B4D4F079-C84B-4B2F-B7BC-066DEE33F46C}.Debug|Any CPU.ActiveCfg = Debug|Any CPU
		{B4D4F079-C84B-4B2F-B7BC-066DEE33F46C}.Debug|Any CPU.Build.0 = Debug|Any CPU
		{B4D4F079-C84B-4B2F-B7BC-066DEE33F46C}.Release|Any CPU.ActiveCfg = Release|Any CPU
		{B4D4F079-C84B-4B2F-B7BC-066DEE33F46C}.Release|Any CPU.Build.0 = Release|Any CPU
	EndGlobalSection
	GlobalSection(SolutionProperties) = preSolution
		HideSolutionNode = FALSE
	EndGlobalSection
	GlobalSection(ExtensibilityGlobals) = postSolution
		SolutionGuid = {324ABA9D-55B4-4F43-B058-B04C343CDF13}
	EndGlobalSection
EndGlobal
